# This file is autogenerated, do not edit; changes may be undone by the next 'dep ensure'.


[[projects]]
  name = "github.com/Clever/discovery-go"
  packages = ["."]
  revision = "b2114f3bdf1c55f030cf6d6d457478ccb18b9e9c"
  version = "v1.7.1"

[[projects]]
  name = "github.com/Clever/go-process-metrics"
  packages = ["metrics"]
  revision = "b7f30fc286d312e80ccc1d88086a283a0bce48c1"

[[projects]]
  name = "github.com/PuerkitoBio/purell"
  packages = ["."]
  revision = "8a290539e2e8629dbc4e6bad948158f790ec31f4"
  version = "v1.0.0"

[[projects]]
  name = "github.com/PuerkitoBio/urlesc"
  packages = ["."]
  revision = "5bd2802263f21d8788851d5305584c82a5c75d7e"

[[projects]]
  name = "github.com/afex/hystrix-go"
  packages = ["hystrix","hystrix/metric_collector","hystrix/rolling"]
  revision = "39520ddd07a9d9a071d615f7476798659f5a3b89"

[[projects]]
  name = "github.com/asaskevich/govalidator"
  packages = ["."]
  revision = "593d64559f7600f29581a3ee42177f5dbded27a9"

[[projects]]
  name = "github.com/davecgh/go-spew"
  packages = ["spew"]
  revision = "6d212800a42e8ab5c146b8ace3490ee17e5225f9"

[[projects]]
  name = "github.com/donovanhide/eventsource"
  packages = ["."]
  revision = "fd1de70867126402be23c306e1ce32828455d85b"

[[projects]]
  name = "github.com/go-errors/errors"
  packages = ["."]
  revision = "a41850380601eeb43f4350f7d17c6bbd8944aaf8"

[[projects]]
  name = "github.com/go-openapi/analysis"
  packages = ["."]
  revision = "b44dc874b601d9e4e2f6e19140e794ba24bead3b"

[[projects]]
  name = "github.com/go-openapi/errors"
  packages = ["."]
  revision = "4178436c9f2430cdd945c50301cfb61563b56573"

[[projects]]
  name = "github.com/go-openapi/jsonpointer"
  packages = ["."]
  revision = "46af16f9f7b149af66e5d1bd010e3574dc06de98"

[[projects]]
  name = "github.com/go-openapi/jsonreference"
  packages = ["."]
  revision = "13c6e3589ad90f49bd3e3bbe2c2cb3d7a4142272"

[[projects]]
  name = "github.com/go-openapi/loads"
  packages = ["."]
  revision = "18441dfa706d924a39a030ee2c3b1d8d81917b38"

[[projects]]
  name = "github.com/go-openapi/runtime"
  packages = ["."]
  revision = "18efe8c11921c0ddabc8e91554971d6db1f91c7c"

[[projects]]
  name = "github.com/go-openapi/spec"
  packages = ["."]
  revision = "6aced65f8501fe1217321abf0749d354824ba2ff"

[[projects]]
  name = "github.com/go-openapi/strfmt"
  packages = ["."]
  revision = "dfda818c47a4ae5a1dde75ac776f34b2c95de993"

[[projects]]
  name = "github.com/go-openapi/swag"
  packages = ["."]
  revision = "0e04f5e499b19bf51031c01a00f098f25067d8dc"

[[projects]]
  name = "github.com/go-openapi/validate"
  packages = ["."]
  revision = "deaf2c9013bc1a7f4c774662259a506ba874d80f"

[[projects]]
  name = "github.com/gogo/protobuf"
  packages = ["proto"]
  revision = "a31fa025390fe54d2af14a04199ed08dea5dc2fd"

[[projects]]
  name = "github.com/golang/mock"
  packages = ["gomock"]
  revision = "bd3c8e81be01eef76d4b503f5e687d2d1354d2d9"

[[projects]]
  name = "github.com/golang/protobuf"
  packages = ["proto","ptypes/timestamp"]
  revision = "3852dcfda249c2097355a6aabb199a28d97b30df"

[[projects]]
  name = "github.com/gorilla/context"
  packages = ["."]
  revision = "aed02d124ae4a0e94fea4541c8effd05bf0c8296"

[[projects]]
  name = "github.com/gorilla/mux"
  packages = ["."]
  revision = "757bef944d0f21880861c2dd9c871ca543023cba"

[[projects]]
  name = "github.com/kardianos/osext"
  packages = ["."]
  revision = "9d302b58e975387d0b4d9be876622c86cefe64be"

[[projects]]
  name = "github.com/lightstep/lightstep-tracer-go"
  packages = [".","collectorpb","lightstep_thrift","thrift_0_9_2/lib/go/thrift","thrift_rpc"]
  revision = "0d48cd619841b1e1a3cdd20cd6ac97774c0002ce"

[[projects]]
  name = "github.com/mailru/easyjson"
  packages = ["buffer","jlexer","jwriter"]
  revision = "34560e358dc05e2c28f6fda2f5c9e7494a4b9b19"

[[projects]]
  name = "github.com/opentracing/basictracer-go"
  packages = [".","wire"]
  revision = "1b32af207119a14b1b231d451df3ed04a72efebf"
  version = "v1.0.0"

[[projects]]
  name = "github.com/opentracing/opentracing-go"
  packages = [".","ext","log"]
  revision = "1949ddbfd147afd4d964a9f00b24eb291e0e7c38"
  version = "v1.0.2"

[[projects]]
  name = "github.com/pmezard/go-difflib"
  packages = ["difflib"]
  revision = "d8ed2627bdf02c080bf22230dbb337003b7aba2d"

[[projects]]
  name = "github.com/stretchr/testify"
  packages = ["assert"]
  revision = "69483b4bd14f5845b5a1e55bca19e954e827f1d0"
  version = "v1.1.4"

[[projects]]
  branch = "master"
  name = "github.com/xeipuuv/gojsonpointer"
  packages = ["."]
  revision = "6fe8760cad3569743d51ddbb243b26f8456742dc"

[[projects]]
  branch = "master"
  name = "github.com/xeipuuv/gojsonreference"
  packages = ["."]
  revision = "e02fc20de94c78484cd5ffb007f8af96be030a45"

[[projects]]
  name = "github.com/xeipuuv/gojsonschema"
  packages = ["."]
  revision = "702b404897d4364af44dc8dcabc9815947942325"

[[projects]]
  name = "golang.org/x/net"
  packages = ["context","context/ctxhttp","http2","http2/hpack","idna","internal/timeseries","lex/httplex","trace"]
  revision = "9bc2a3340c92c17a20edcd0080e93851ed58f5d5"

[[projects]]
  name = "golang.org/x/text"
  packages = ["cases","internal/gen","internal/tag","internal/triegen","internal/ucd","language","runes","secure/bidirule","secure/precis","transform","unicode/bidi","unicode/cldr","unicode/norm","unicode/rangetable","width"]
  revision = "2910a502d2bf9e43193af9d68ca516529614eed3"

[[projects]]
  name = "google.golang.org/grpc"
  packages = [".","codes","credentials","grpclog","internal","metadata","naming","peer","stats","tap","transport"]
  revision = "c8105071640ef29fce843ed96983e864bb18eb0e"

[[projects]]
  name = "gopkg.in/Clever/kayvee-go.v3"
  packages = [".","logger"]
  revision = "056c92dcc68b40c5d6045f755197b3776f914154"
  version = "v3.2.1"

[[projects]]
  name = "gopkg.in/Clever/kayvee-go.v5"
  packages = [".","logger"]
  revision = "865aa5e4bbe8e274c69accd53f0b1e2ecc484cd8"
  version = "v5.2.1"

[[projects]]
  name = "gopkg.in/Clever/kayvee-go.v6"
  packages = [".","logger","middleware","router"]
  revision = "096364e316a52652d3493be702d8105d8d01db84"
  version = "v6.6.0"

[[projects]]
  name = "gopkg.in/Clever/optimus.v3"
  packages = [".","sources/csv"]
  revision = "e4810ba9d12db3a27c8f5b420aa291cf2f100b8e"
  version = "v3.7.3"

[[projects]]
  name = "gopkg.in/tylerb/graceful.v1"
  packages = ["."]
  revision = "4654dfbb6ad53cb5e27f37d99b02e16c1872fbbb"
  version = "v1.2.15"

[[projects]]
  name = "gopkg.in/yaml.v2"
  packages = ["."]
  revision = "49c95bdc21843256fb6c4e0d370a05f24a0bf213"

[solve-meta]
  analyzer-name = "dep"
  analyzer-version = 1
  inputs-digest = "b5b615e8b4a96f60f777b5e46f534cab8d5859005669846a5af535b68ff700f7"
  solver-name = "gps-cdcl"
  solver-version = 1
