# This file is autogenerated, do not edit; changes may be undone by the next 'dep ensure'.


[[projects]]
  digest = "1:5582fedc9ff5b79bdb48065ff96ead4e24c640ee084ee913c0496931ef21d64c"
  name = "github.com/Clever/discovery-go"
  packages = ["."]
  pruneopts = ""
  revision = "b2114f3bdf1c55f030cf6d6d457478ccb18b9e9c"
  version = "v1.7.1"

[[projects]]
  digest = "1:30368740003e5cbcb8197ffd4c0a6d5d58f49749e9dd772ce47bdaf1d3311f8b"
  name = "github.com/Clever/go-process-metrics"
  packages = ["metrics"]
  pruneopts = ""
  revision = "b7f30fc286d312e80ccc1d88086a283a0bce48c1"

[[projects]]
  digest = "1:7020b5857474f4cd4ac3326eb0fc8bcf2a639ed0a732b42dce9083afea1e2e54"
  name = "github.com/PuerkitoBio/purell"
  packages = ["."]
  pruneopts = ""
  revision = "8a290539e2e8629dbc4e6bad948158f790ec31f4"
  version = "v1.0.0"

[[projects]]
  digest = "1:eefdb56f035de98e76cc8b7d154faf3ac0aa1db212f789cf17454775249c8254"
  name = "github.com/PuerkitoBio/urlesc"
  packages = ["."]
  pruneopts = ""
  revision = "5bd2802263f21d8788851d5305584c82a5c75d7e"

[[projects]]
  digest = "1:e2ced480b198a6d5c37b6704c71c8c1a44f37b84c19e58d81411836d7b2099d1"
  name = "github.com/afex/hystrix-go"
  packages = [
    "hystrix",
    "hystrix/metric_collector",
    "hystrix/rolling",
  ]
  pruneopts = ""
  revision = "39520ddd07a9d9a071d615f7476798659f5a3b89"

[[projects]]
  digest = "1:c4cc3b4142e3e24f74b39b96ccb4a19eceeda3a6e8d6ec407d961461261123e4"
  name = "github.com/asaskevich/govalidator"
  packages = ["."]
  pruneopts = ""
  revision = "593d64559f7600f29581a3ee42177f5dbded27a9"

[[projects]]
  digest = "1:54841a823011a34356f108ae1c31eb00780d62edb9a95051b1559cecb0425fc6"
  name = "github.com/davecgh/go-spew"
  packages = ["spew"]
  pruneopts = ""
  revision = "6d212800a42e8ab5c146b8ace3490ee17e5225f9"

[[projects]]
  digest = "1:7ccd9475b38b8fcb75f979e99bc88bf5f0f82312bd31a7954fb15d42766c2243"
  name = "github.com/donovanhide/eventsource"
  packages = ["."]
  pruneopts = ""
  revision = "fd1de70867126402be23c306e1ce32828455d85b"

[[projects]]
  digest = "1:fa6db91d3b2b3426a6c58ec2444767c5a7b9e91f7f6eb1cd6370aec5bbb784ce"
  name = "github.com/go-errors/errors"
  packages = ["."]
  pruneopts = ""
  revision = "a41850380601eeb43f4350f7d17c6bbd8944aaf8"

[[projects]]
  digest = "1:aced65262c70a476da0b93fad35bbc75605d2e9074ac4aa070ae6d737e0db54e"
  name = "github.com/go-openapi/analysis"
  packages = ["."]
  pruneopts = ""
  revision = "b44dc874b601d9e4e2f6e19140e794ba24bead3b"

[[projects]]
  digest = "1:73a6f001b4e257a991b8d9415342834ae58867dda84081f19bd8fa8177aa7f88"
  name = "github.com/go-openapi/errors"
  packages = ["."]
  pruneopts = ""
  revision = "4178436c9f2430cdd945c50301cfb61563b56573"

[[projects]]
  digest = "1:d5684de69d41b91bbc4582447389b6e3d422a856c7863e2cb69e83fa22585686"
  name = "github.com/go-openapi/jsonpointer"
  packages = ["."]
  pruneopts = ""
  revision = "46af16f9f7b149af66e5d1bd010e3574dc06de98"

[[projects]]
  digest = "1:880132ce271710075e3dd41e5b267fb444feb4d3f6a2a6031227af8cadfa4ad0"
  name = "github.com/go-openapi/jsonreference"
  packages = ["."]
  pruneopts = ""
  revision = "13c6e3589ad90f49bd3e3bbe2c2cb3d7a4142272"

[[projects]]
  digest = "1:3846593e5279f896dce3094b0d7d6d5f44ecffb3adac09fc4cbea1eaeacdde53"
  name = "github.com/go-openapi/loads"
  packages = ["."]
  pruneopts = ""
  revision = "18441dfa706d924a39a030ee2c3b1d8d81917b38"

[[projects]]
  digest = "1:a8ea45ffbb881ad3ae148e0dcaaf422f6808c19934d8deae92ffd315f9e9643e"
  name = "github.com/go-openapi/runtime"
  packages = ["."]
  pruneopts = ""
  revision = "18efe8c11921c0ddabc8e91554971d6db1f91c7c"

[[projects]]
  digest = "1:2d7624c60176d2eefb4d5029163002282de792172273cd965d8d3ce2dfcd1ccf"
  name = "github.com/go-openapi/spec"
  packages = ["."]
  pruneopts = ""
  revision = "6aced65f8501fe1217321abf0749d354824ba2ff"

[[projects]]
  digest = "1:b1fbc58d58f80c1079cbca4bffc4c1c7df1cdd2f383a4981636081ae0d607952"
  name = "github.com/go-openapi/strfmt"
  packages = ["."]
  pruneopts = ""
  revision = "dfda818c47a4ae5a1dde75ac776f34b2c95de993"

[[projects]]
  digest = "1:c7397b4ec8c9ad26fde93526c9a4d18230dcadf36b48864e4457ec6502efe76e"
  name = "github.com/go-openapi/swag"
  packages = ["."]
  pruneopts = ""
  revision = "0e04f5e499b19bf51031c01a00f098f25067d8dc"

[[projects]]
  digest = "1:72eaa12c4ef953b223dcf03e9a3a41ec47292c01847de96b8788737c650dbf70"
  name = "github.com/go-openapi/validate"
  packages = ["."]
  pruneopts = ""
  revision = "deaf2c9013bc1a7f4c774662259a506ba874d80f"

[[projects]]
  branch = "master"
  digest = "1:ded7a099efc1f7803aab9cbc5949aa47e3e428b2751008163c216df7e778f9b4"
  name = "github.com/golang/mock"
  packages = ["gomock"]
  pruneopts = ""
  revision = "817c00c51bc737428ebc35ec43a49d72c04440e2"

[[projects]]
  digest = "1:42aa2e88b3f7c3ebb01cbb260c2b54fd57c2c118aa65521936593460afbc85a3"
  name = "github.com/gorilla/context"
  packages = ["."]
  pruneopts = ""
  revision = "aed02d124ae4a0e94fea4541c8effd05bf0c8296"

[[projects]]
  digest = "1:3e16b38456fa0dd6173c032e594cc070a0167755f5af89afcfd32ca92d7764e3"
  name = "github.com/gorilla/handlers"
  packages = ["."]
  pruneopts = ""
  revision = "8a3748addc242fc560bd6d4ff28b0374c010b1b4"
  version = "v1.4.2"

[[projects]]
  digest = "1:e222a55711308d702e06368319a6c0eff80f457e06a95b383a25bc10acc5a32b"
  name = "github.com/gorilla/mux"
  packages = ["."]
  pruneopts = ""
  revision = "757bef944d0f21880861c2dd9c871ca543023cba"

[[projects]]
  digest = "1:fa782e5ef10136e74313a79363565c9708b9946bb5f597a24af9c21494d36367"
  name = "github.com/kardianos/osext"
  packages = ["."]
  pruneopts = ""
  revision = "9d302b58e975387d0b4d9be876622c86cefe64be"

[[projects]]
  digest = "1:586c8d6472c226e08077c01f98c96d4bd46ccd3246dc78f849834e1c4a15204e"
  name = "github.com/mailru/easyjson"
  packages = [
    "buffer",
    "jlexer",
    "jwriter",
  ]
  pruneopts = ""
  revision = "34560e358dc05e2c28f6fda2f5c9e7494a4b9b19"

[[projects]]
  digest = "1:1fc4897d3cc482d070651563c16a51489296cd9150e6d53fb7ff4d59a24334bc"
  name = "github.com/opentracing/opentracing-go"
  packages = [
    ".",
    "ext",
    "log",
  ]
  pruneopts = ""
  revision = "659c90643e714681897ec2521c60567dd21da733"
  version = "v1.1.0"

[[projects]]
  digest = "1:1d7e1867c49a6dd9856598ef7c3123604ea3daabf5b83f303ff457bcbc410b1d"
  name = "github.com/pkg/errors"
  packages = ["."]
  pruneopts = ""
  revision = "ba968bfe8b2f7e042a574c888954fccecfa385b4"
  version = "v0.8.1"

[[projects]]
  digest = "1:31ba63a60f9e41b5cbb6cce48f4756718bd514fe73a1c6ee2751ec8fbf6e109f"
  name = "github.com/pmezard/go-difflib"
  packages = ["difflib"]
  pruneopts = ""
  revision = "d8ed2627bdf02c080bf22230dbb337003b7aba2d"

[[projects]]
  digest = "1:3926a4ec9a4ff1a072458451aa2d9b98acd059a45b38f7335d31e06c3d6a0159"
  name = "github.com/stretchr/testify"
  packages = ["assert"]
  pruneopts = ""
  revision = "69483b4bd14f5845b5a1e55bca19e954e827f1d0"
  version = "v1.1.4"

[[projects]]
  digest = "1:445147441a8771c37b5d09e9beacb2eac188582218b4343aa2e1878ae141983b"
  name = "github.com/uber/jaeger-client-go"
  packages = [
    ".",
    "config",
    "internal/baggage",
    "internal/baggage/remote",
    "internal/spanlog",
    "internal/throttler",
    "internal/throttler/remote",
    "log",
    "rpcmetrics",
    "thrift",
    "thrift-gen/agent",
    "thrift-gen/baggage",
    "thrift-gen/jaeger",
    "thrift-gen/sampling",
    "thrift-gen/zipkincore",
    "transport",
    "utils",
  ]
  pruneopts = ""
  revision = "f2e1f58485aacf2975cdde9c9f5396e6d98c35ba"
  version = "v2.21.1"

[[projects]]
  digest = "1:6afbf06917cb67a1a895aecd38ff31bd691f4fad239e5ce468f2265359bee7b7"
  name = "github.com/uber/jaeger-lib"
  packages = ["metrics"]
  pruneopts = ""
  revision = "a87ae9d84fb038a8d79266298970720be7c80fcd"
  version = "v2.2.0"

[[projects]]
  branch = "master"
  digest = "1:dd275b17b08ad316ab1e69396a09085b65b0a728869bd406d0515f2f08ad4571"
  name = "github.com/xeipuuv/gojsonpointer"
  packages = ["."]
  pruneopts = ""
  revision = "6fe8760cad3569743d51ddbb243b26f8456742dc"

[[projects]]
  branch = "master"
  digest = "1:feb667646650e600036a4731f959e746eb755970fc2c8a3d54c66a0cde7ac69d"
  name = "github.com/xeipuuv/gojsonreference"
  packages = ["."]
  pruneopts = ""
  revision = "e02fc20de94c78484cd5ffb007f8af96be030a45"

[[projects]]
  branch = "master"
  digest = "1:225b26e2d1bcccbb48495d411cd38c73a5abd82ead929364b2bc73f1b3172aba"
  name = "github.com/xeipuuv/gojsonschema"
  packages = ["."]
  pruneopts = ""
  revision = "065759f9c3d72653843069184bab4f5622926edf"

[[projects]]
  digest = "1:44da3f221472d00188fa0d9bdae0c0abbdd45eebe8b8a6f5bdf22d24affff760"
  name = "go.uber.org/atomic"
  packages = ["."]
  pruneopts = ""
  revision = "40ae6a40a970ef4cdbffa7b24b280e316db8accc"
  version = "v1.5.1"

[[projects]]
  branch = "master"
  digest = "1:465c831311f144be27d64ae3cb416b243ff67e73407852bc4265d09efbb66283"
  name = "golang.org/x/lint"
  packages = [
    ".",
    "golint",
  ]
  pruneopts = ""
  revision = "fdd1cda4f05fd1fd86124f0ef9ce31a0b72c8448"

[[projects]]
  digest = "1:b99e43521ba87ac35d93ce1ffb30a72558a03ee886ec03217ec96bb44b6f3224"
  name = "golang.org/x/net"
  packages = [
    "context",
    "context/ctxhttp",
    "idna",
  ]
  pruneopts = ""
  revision = "9bc2a3340c92c17a20edcd0080e93851ed58f5d5"

[[projects]]
  digest = "1:9fa38bfa647dffc304504ea076b54f7eeb28f7ff7476536695abffcc1addd6d1"
  name = "golang.org/x/text"
  packages = [
    "cases",
    "internal/gen",
    "internal/tag",
    "internal/triegen",
    "internal/ucd",
    "language",
    "runes",
    "secure/bidirule",
    "secure/precis",
    "transform",
    "unicode/bidi",
    "unicode/cldr",
    "unicode/norm",
    "unicode/rangetable",
    "width",
  ]
  pruneopts = ""
  revision = "2910a502d2bf9e43193af9d68ca516529614eed3"

[[projects]]
  branch = "master"
  digest = "1:6906c68068a2643adcd2bded419670b394eaaac4994e3084780e7c6adb3ad1fa"
  name = "golang.org/x/tools"
  packages = [
    "go/ast/astutil",
    "go/gcexportdata",
    "go/internal/gcimporter",
    "go/types/typeutil",
  ]
  pruneopts = ""
  revision = "7be0a674c9fc78b6627a534052066b112b66be5d"

[[projects]]
  branch = "master"
  digest = "1:9d4ac09a835404ae9306c6e1493cf800ecbb0f3f828f4333b3e055de4c962eea"
  name = "golang.org/x/xerrors"
  packages = [
    ".",
    "internal",
  ]
  pruneopts = ""
  revision = "9bdfabe68543c54f90421aeb9a60ef8061b5b544"

[[projects]]
  digest = "1:79ddb13b51a9c228df10ac07ced63980fbdac43ca5ebc0502f9d12cf82960886"
  name = "gopkg.in/Clever/kayvee-go.v3"
  packages = [
    ".",
    "logger",
  ]
  pruneopts = ""
  revision = "056c92dcc68b40c5d6045f755197b3776f914154"
  version = "v3.2.1"

[[projects]]
  digest = "1:62e562dadd8d51a7dd6853b22ec3dfbd1a2b7460131c6d64080b9289d1b71a5b"
  name = "gopkg.in/Clever/kayvee-go.v5"
  packages = [
    ".",
    "logger",
  ]
  pruneopts = ""
  revision = "865aa5e4bbe8e274c69accd53f0b1e2ecc484cd8"
  version = "v5.2.1"

[[projects]]
  digest = "1:0923ed679d96b9e53b8c43892e2094ebb5dccd0a66709b20c90f43c37ff71ff1"
  name = "gopkg.in/Clever/kayvee-go.v6"
  packages = [
    ".",
    "logger",
    "middleware",
    "router",
  ]
  pruneopts = ""
  revision = "1c544ce9daf62e3673f4f1ba0bffde53cd13f502"
  version = "v6.24.0"

[[projects]]
  digest = "1:ff29140d55212fc841bb30d3d7927df30673c659de231764968a3dd8779498d3"
  name = "gopkg.in/Clever/optimus.v3"
  packages = [
    ".",
    "sources/csv",
  ]
  pruneopts = ""
  revision = "e4810ba9d12db3a27c8f5b420aa291cf2f100b8e"
  version = "v3.7.3"

[[projects]]
  digest = "1:8143ea52154df4cf52589d780ad447f625978a4c29713200842ccaa7c532350a"
  name = "gopkg.in/tylerb/graceful.v1"
  packages = ["."]
  pruneopts = ""
  revision = "4654dfbb6ad53cb5e27f37d99b02e16c1872fbbb"
  version = "v1.2.15"

[[projects]]
  branch = "v2"
  digest = "1:0963c61acf879ae8b78a659a2864016eb61020c46c93f402041684b80d5963b6"
  name = "gopkg.in/yaml.v2"
  packages = ["."]
  pruneopts = ""
  revision = "b893565b90ca5ebaabd27e535c0e56f97856e5ff"

[solve-meta]
  analyzer-name = "dep"
  analyzer-version = 1
  input-imports = [
    "github.com/Clever/discovery-go",
    "github.com/Clever/go-process-metrics/metrics",
    "github.com/afex/hystrix-go/hystrix",
    "github.com/donovanhide/eventsource",
    "github.com/go-errors/errors",
    "github.com/go-openapi/errors",
    "github.com/go-openapi/strfmt",
    "github.com/go-openapi/swag",
    "github.com/go-openapi/validate",
    "github.com/golang/mock/gomock",
    "github.com/gorilla/handlers",
    "github.com/gorilla/mux",
    "github.com/kardianos/osext",
    "github.com/opentracing/opentracing-go",
    "github.com/opentracing/opentracing-go/ext",
    "github.com/opentracing/opentracing-go/log",
    "github.com/stretchr/testify/assert",
    "github.com/uber/jaeger-client-go",
    "github.com/uber/jaeger-client-go/config",
    "github.com/uber/jaeger-client-go/transport",
    "golang.org/x/net/context/ctxhttp",
    "golang.org/x/xerrors",
    "gopkg.in/Clever/kayvee-go.v5/logger",
    "gopkg.in/Clever/kayvee-go.v6/logger",
    "gopkg.in/Clever/kayvee-go.v6/middleware",
    "gopkg.in/Clever/optimus.v3/sources/csv",
    "gopkg.in/tylerb/graceful.v1",
  ]
  solver-name = "gps-cdcl"
  solver-version = 1
